
Microsoft Visual Studio Solution File, Format Version 12.00
# Visual Studio 15
VisualStudioVersion = 15.0.28307.136
MinimumVisualStudioVersion = 10.0.40219.1
Project("{FAE04EC0-301F-11D3-BF4B-00C04F79EFBC}") = "C02PP01_LatinTranslator", "C02PP01_LatinTranslator\C02PP01_LatinTranslator.csproj", "{0F61B003-1FAE-42D5-A4D3-3AEBCF4ADE50}"
EndProject
Global
	GlobalSection(SolutionConfigurationPlatforms) = preSolution
		Debug|Any CPU = Debug|Any CPU
		Release|Any CPU = Release|Any CPU
	EndGlobalSection
	GlobalSection(ProjectConfigurationPlatforms) = postSolution
		{0F61B003-1FAE-42D5-A4D3-3AEBCF4ADE50}.Debug|Any CPU.ActiveCfg = Debug|Any CPU
		{0F61B003-1FAE-42D5-A4D3-3AEBCF4ADE50}.Debug|Any CPU.Build.0 = Debug|Any CPU
		{0F61B003-1FAE-42D5-A4D3-3AEBCF4ADE50}.Release|Any CPU.ActiveCfg = Release|Any CPU
		{0F61B003-1FAE-42D5-A4D3-3AEBCF4ADE50}.Release|Any CPU.Build.0 = Release|Any CPU
	EndGlobalSection
	GlobalSection(SolutionProperties) = preSolution
		HideSolutionNode = FALSE
	EndGlobalSection
	GlobalSection(ExtensibilityGlobals) = postSolution
		SolutionGuid = {1ED2F0D1-D78F-4A6F-B065-404D4C1A5AE4}
	EndGlobalSection
EndGlobal
