
Microsoft Visual Studio Solution File, Format Version 12.00
# Visual Studio 15
VisualStudioVersion = 15.0.28307.136
MinimumVisualStudioVersion = 10.0.40219.1
Project("{FAE04EC0-301F-11D3-BF4B-00C04F79EFBC}") = "C03PP14_StadiumSeating", "C03PP14_StadiumSeating\C03PP14_StadiumSeating.csproj", "{63C8B62A-4DE4-4C99-BCA3-62B4A97CBE66}"
EndProject
Global
	GlobalSection(SolutionConfigurationPlatforms) = preSolution
		Debug|Any CPU = Debug|Any CPU
		Release|Any CPU = Release|Any CPU
	EndGlobalSection
	GlobalSection(ProjectConfigurationPlatforms) = postSolution
		{63C8B62A-4DE4-4C99-BCA3-62B4A97CBE66}.Debug|Any CPU.ActiveCfg = Debug|Any CPU
		{63C8B62A-4DE4-4C99-BCA3-62B4A97CBE66}.Debug|Any CPU.Build.0 = Debug|Any CPU
		{63C8B62A-4DE4-4C99-BCA3-62B4A97CBE66}.Release|Any CPU.ActiveCfg = Release|Any CPU
		{63C8B62A-4DE4-4C99-BCA3-62B4A97CBE66}.Release|Any CPU.Build.0 = Release|Any CPU
	EndGlobalSection
	GlobalSection(SolutionProperties) = preSolution
		HideSolutionNode = FALSE
	EndGlobalSection
	GlobalSection(ExtensibilityGlobals) = postSolution
		SolutionGuid = {A76E1FDB-1689-4521-AB64-BFE5BBBA39BC}
	EndGlobalSection
EndGlobal
