
Microsoft Visual Studio Solution File, Format Version 12.00
# Visual Studio 15
VisualStudioVersion = 15.0.28307.136
MinimumVisualStudioVersion = 10.0.40219.1
Project("{FAE04EC0-301F-11D3-BF4B-00C04F79EFBC}") = "C03PP12_PaintJobEstimator", "C03PP12_PaintJobEstimator\C03PP12_PaintJobEstimator.csproj", "{BC1ED320-36E8-42CD-BF0D-BE0C76644B17}"
EndProject
Global
	GlobalSection(SolutionConfigurationPlatforms) = preSolution
		Debug|Any CPU = Debug|Any CPU
		Release|Any CPU = Release|Any CPU
	EndGlobalSection
	GlobalSection(ProjectConfigurationPlatforms) = postSolution
		{BC1ED320-36E8-42CD-BF0D-BE0C76644B17}.Debug|Any CPU.ActiveCfg = Debug|Any CPU
		{BC1ED320-36E8-42CD-BF0D-BE0C76644B17}.Debug|Any CPU.Build.0 = Debug|Any CPU
		{BC1ED320-36E8-42CD-BF0D-BE0C76644B17}.Release|Any CPU.ActiveCfg = Release|Any CPU
		{BC1ED320-36E8-42CD-BF0D-BE0C76644B17}.Release|Any CPU.Build.0 = Release|Any CPU
	EndGlobalSection
	GlobalSection(SolutionProperties) = preSolution
		HideSolutionNode = FALSE
	EndGlobalSection
	GlobalSection(ExtensibilityGlobals) = postSolution
		SolutionGuid = {6D1CFFB8-256D-491C-B3C5-D185FC0DBA09}
	EndGlobalSection
EndGlobal
