
Microsoft Visual Studio Solution File, Format Version 12.00
# Visual Studio Version 16
VisualStudioVersion = 16.0.29613.14
MinimumVisualStudioVersion = 10.0.40219.1
Project("{FAE04EC0-301F-11D3-BF4B-00C04F79EFBC}") = "C09AW", "C09AW.csproj", "{2088739D-6284-42CC-B01F-F36CA0E97B0D}"
EndProject
Global
	GlobalSection(SolutionConfigurationPlatforms) = preSolution
		Debug|Any CPU = Debug|Any CPU
		Release|Any CPU = Release|Any CPU
	EndGlobalSection
	GlobalSection(ProjectConfigurationPlatforms) = postSolution
		{2088739D-6284-42CC-B01F-F36CA0E97B0D}.Debug|Any CPU.ActiveCfg = Debug|Any CPU
		{2088739D-6284-42CC-B01F-F36CA0E97B0D}.Debug|Any CPU.Build.0 = Debug|Any CPU
		{2088739D-6284-42CC-B01F-F36CA0E97B0D}.Release|Any CPU.ActiveCfg = Release|Any CPU
		{2088739D-6284-42CC-B01F-F36CA0E97B0D}.Release|Any CPU.Build.0 = Release|Any CPU
	EndGlobalSection
	GlobalSection(SolutionProperties) = preSolution
		HideSolutionNode = FALSE
	EndGlobalSection
	GlobalSection(ExtensibilityGlobals) = postSolution
		SolutionGuid = {268BC380-8536-46C2-8A12-ED13997B5F68}
	EndGlobalSection
EndGlobal
