
Microsoft Visual Studio Solution File, Format Version 12.00
# Visual Studio 15
VisualStudioVersion = 15.0.28307.136
MinimumVisualStudioVersion = 10.0.40219.1
Project("{FAE04EC0-301F-11D3-BF4B-00C04F79EFBC}") = "C04PP03_MagicDates", "C04PP03_MagicDates\C04PP03_MagicDates.csproj", "{52C9356E-64D0-432D-BCD6-6470BFC3156B}"
EndProject
Global
	GlobalSection(SolutionConfigurationPlatforms) = preSolution
		Debug|Any CPU = Debug|Any CPU
		Release|Any CPU = Release|Any CPU
	EndGlobalSection
	GlobalSection(ProjectConfigurationPlatforms) = postSolution
		{52C9356E-64D0-432D-BCD6-6470BFC3156B}.Debug|Any CPU.ActiveCfg = Debug|Any CPU
		{52C9356E-64D0-432D-BCD6-6470BFC3156B}.Debug|Any CPU.Build.0 = Debug|Any CPU
		{52C9356E-64D0-432D-BCD6-6470BFC3156B}.Release|Any CPU.ActiveCfg = Release|Any CPU
		{52C9356E-64D0-432D-BCD6-6470BFC3156B}.Release|Any CPU.Build.0 = Release|Any CPU
	EndGlobalSection
	GlobalSection(SolutionProperties) = preSolution
		HideSolutionNode = FALSE
	EndGlobalSection
	GlobalSection(ExtensibilityGlobals) = postSolution
		SolutionGuid = {6D85BE5C-D28D-44D6-9C66-A4B7293E149A}
	EndGlobalSection
EndGlobal
