
Microsoft Visual Studio Solution File, Format Version 12.00
# Visual Studio 15
VisualStudioVersion = 15.0.28307.136
MinimumVisualStudioVersion = 10.0.40219.1
Project("{FAE04EC0-301F-11D3-BF4B-00C04F79EFBC}") = "C03PP07_SentenceBuilder", "C03PP07_SentenceBuilder\C03PP07_SentenceBuilder.csproj", "{97EA0E58-F93A-4370-A6BE-D520329BA9E4}"
EndProject
Global
	GlobalSection(SolutionConfigurationPlatforms) = preSolution
		Debug|Any CPU = Debug|Any CPU
		Release|Any CPU = Release|Any CPU
	EndGlobalSection
	GlobalSection(ProjectConfigurationPlatforms) = postSolution
		{97EA0E58-F93A-4370-A6BE-D520329BA9E4}.Debug|Any CPU.ActiveCfg = Debug|Any CPU
		{97EA0E58-F93A-4370-A6BE-D520329BA9E4}.Debug|Any CPU.Build.0 = Debug|Any CPU
		{97EA0E58-F93A-4370-A6BE-D520329BA9E4}.Release|Any CPU.ActiveCfg = Release|Any CPU
		{97EA0E58-F93A-4370-A6BE-D520329BA9E4}.Release|Any CPU.Build.0 = Release|Any CPU
	EndGlobalSection
	GlobalSection(SolutionProperties) = preSolution
		HideSolutionNode = FALSE
	EndGlobalSection
	GlobalSection(ExtensibilityGlobals) = postSolution
		SolutionGuid = {DA046043-E2C7-4146-867E-AF34A439F511}
	EndGlobalSection
EndGlobal
