
Microsoft Visual Studio Solution File, Format Version 12.00
# Visual Studio 15
VisualStudioVersion = 15.0.28307.136
MinimumVisualStudioVersion = 10.0.40219.1
Project("{FAE04EC0-301F-11D3-BF4B-00C04F79EFBC}") = "C05PP04_Population", "C05PP04_Population\C05PP04_Population.csproj", "{54E94DB2-D705-4DEA-B40D-EB4001C9E20F}"
EndProject
Global
	GlobalSection(SolutionConfigurationPlatforms) = preSolution
		Debug|Any CPU = Debug|Any CPU
		Release|Any CPU = Release|Any CPU
	EndGlobalSection
	GlobalSection(ProjectConfigurationPlatforms) = postSolution
		{54E94DB2-D705-4DEA-B40D-EB4001C9E20F}.Debug|Any CPU.ActiveCfg = Debug|Any CPU
		{54E94DB2-D705-4DEA-B40D-EB4001C9E20F}.Debug|Any CPU.Build.0 = Debug|Any CPU
		{54E94DB2-D705-4DEA-B40D-EB4001C9E20F}.Release|Any CPU.ActiveCfg = Release|Any CPU
		{54E94DB2-D705-4DEA-B40D-EB4001C9E20F}.Release|Any CPU.Build.0 = Release|Any CPU
	EndGlobalSection
	GlobalSection(SolutionProperties) = preSolution
		HideSolutionNode = FALSE
	EndGlobalSection
	GlobalSection(ExtensibilityGlobals) = postSolution
		SolutionGuid = {3AACDAC2-A968-41C0-B3C6-10C8E54EBDAF}
	EndGlobalSection
EndGlobal
