
Microsoft Visual Studio Solution File, Format Version 12.00
# Visual Studio Version 16
VisualStudioVersion = 16.0.29613.14
MinimumVisualStudioVersion = 10.0.40219.1
Project("{FAE04EC0-301F-11D3-BF4B-00C04F79EFBC}") = "C08PP08_SumOfNumsInString", "C08PP08_SumOfNumsInString.csproj", "{2628445C-7612-421C-AB0D-4D8524413C21}"
EndProject
Global
	GlobalSection(SolutionConfigurationPlatforms) = preSolution
		Debug|Any CPU = Debug|Any CPU
		Release|Any CPU = Release|Any CPU
	EndGlobalSection
	GlobalSection(ProjectConfigurationPlatforms) = postSolution
		{2628445C-7612-421C-AB0D-4D8524413C21}.Debug|Any CPU.ActiveCfg = Debug|Any CPU
		{2628445C-7612-421C-AB0D-4D8524413C21}.Debug|Any CPU.Build.0 = Debug|Any CPU
		{2628445C-7612-421C-AB0D-4D8524413C21}.Release|Any CPU.ActiveCfg = Release|Any CPU
		{2628445C-7612-421C-AB0D-4D8524413C21}.Release|Any CPU.Build.0 = Release|Any CPU
	EndGlobalSection
	GlobalSection(SolutionProperties) = preSolution
		HideSolutionNode = FALSE
	EndGlobalSection
	GlobalSection(ExtensibilityGlobals) = postSolution
		SolutionGuid = {1CE7609C-E70B-42D9-9E23-B908F4718525}
	EndGlobalSection
EndGlobal
