
Microsoft Visual Studio Solution File, Format Version 12.00
# Visual Studio 15
VisualStudioVersion = 15.0.28307.136
MinimumVisualStudioVersion = 10.0.40219.1
Project("{FAE04EC0-301F-11D3-BF4B-00C04F79EFBC}") = "C03P02_FuelEconomy", "C03P02_FuelEconomy\C03P02_FuelEconomy.csproj", "{95675DFF-91F9-4126-93D9-F10629BC66B5}"
EndProject
Global
	GlobalSection(SolutionConfigurationPlatforms) = preSolution
		Debug|Any CPU = Debug|Any CPU
		Release|Any CPU = Release|Any CPU
	EndGlobalSection
	GlobalSection(ProjectConfigurationPlatforms) = postSolution
		{95675DFF-91F9-4126-93D9-F10629BC66B5}.Debug|Any CPU.ActiveCfg = Debug|Any CPU
		{95675DFF-91F9-4126-93D9-F10629BC66B5}.Debug|Any CPU.Build.0 = Debug|Any CPU
		{95675DFF-91F9-4126-93D9-F10629BC66B5}.Release|Any CPU.ActiveCfg = Release|Any CPU
		{95675DFF-91F9-4126-93D9-F10629BC66B5}.Release|Any CPU.Build.0 = Release|Any CPU
	EndGlobalSection
	GlobalSection(SolutionProperties) = preSolution
		HideSolutionNode = FALSE
	EndGlobalSection
	GlobalSection(ExtensibilityGlobals) = postSolution
		SolutionGuid = {5DF7448C-9E7C-4299-8A41-426986B97266}
	EndGlobalSection
EndGlobal
