
Microsoft Visual Studio Solution File, Format Version 12.00
# Visual Studio 15
VisualStudioVersion = 15.0.28307.136
MinimumVisualStudioVersion = 10.0.40219.1
Project("{FAE04EC0-301F-11D3-BF4B-00C04F79EFBC}") = "C02P00_Test", "C02P00_Test\C02P00_Test.csproj", "{BC4314A0-D89B-41CF-A470-4C4B42295EC0}"
EndProject
Global
	GlobalSection(SolutionConfigurationPlatforms) = preSolution
		Debug|Any CPU = Debug|Any CPU
		Release|Any CPU = Release|Any CPU
	EndGlobalSection
	GlobalSection(ProjectConfigurationPlatforms) = postSolution
		{BC4314A0-D89B-41CF-A470-4C4B42295EC0}.Debug|Any CPU.ActiveCfg = Debug|Any CPU
		{BC4314A0-D89B-41CF-A470-4C4B42295EC0}.Debug|Any CPU.Build.0 = Debug|Any CPU
		{BC4314A0-D89B-41CF-A470-4C4B42295EC0}.Release|Any CPU.ActiveCfg = Release|Any CPU
		{BC4314A0-D89B-41CF-A470-4C4B42295EC0}.Release|Any CPU.Build.0 = Release|Any CPU
	EndGlobalSection
	GlobalSection(SolutionProperties) = preSolution
		HideSolutionNode = FALSE
	EndGlobalSection
	GlobalSection(ExtensibilityGlobals) = postSolution
		SolutionGuid = {FA02CA58-0639-434C-8D20-85C27F842896}
	EndGlobalSection
EndGlobal
