
Microsoft Visual Studio Solution File, Format Version 12.00
# Visual Studio Version 16
VisualStudioVersion = 16.0.29613.14
MinimumVisualStudioVersion = 10.0.40219.1
Project("{FAE04EC0-301F-11D3-BF4B-00C04F79EFBC}") = "C11PP04_EmployeeSearch", "C11PP04_EmployeeSearch.csproj", "{9AAFDF63-925E-470C-98F5-271110820826}"
EndProject
Global
	GlobalSection(SolutionConfigurationPlatforms) = preSolution
		Debug|Any CPU = Debug|Any CPU
		Release|Any CPU = Release|Any CPU
	EndGlobalSection
	GlobalSection(ProjectConfigurationPlatforms) = postSolution
		{9AAFDF63-925E-470C-98F5-271110820826}.Debug|Any CPU.ActiveCfg = Debug|Any CPU
		{9AAFDF63-925E-470C-98F5-271110820826}.Debug|Any CPU.Build.0 = Debug|Any CPU
		{9AAFDF63-925E-470C-98F5-271110820826}.Release|Any CPU.ActiveCfg = Release|Any CPU
		{9AAFDF63-925E-470C-98F5-271110820826}.Release|Any CPU.Build.0 = Release|Any CPU
	EndGlobalSection
	GlobalSection(SolutionProperties) = preSolution
		HideSolutionNode = FALSE
	EndGlobalSection
	GlobalSection(ExtensibilityGlobals) = postSolution
		SolutionGuid = {1E1B43F7-2844-4146-A621-0358AF9C23BD}
	EndGlobalSection
EndGlobal
