
Microsoft Visual Studio Solution File, Format Version 12.00
# Visual Studio Version 16
VisualStudioVersion = 16.0.29613.14
MinimumVisualStudioVersion = 10.0.40219.1
Project("{FAE04EC0-301F-11D3-BF4B-00C04F79EFBC}") = "C11PP01_PersonnelDatabase", "C11PP01_PersonnelDatabase.csproj", "{3BBDFC57-8D21-47E6-AB23-9DAB56868634}"
EndProject
Global
	GlobalSection(SolutionConfigurationPlatforms) = preSolution
		Debug|Any CPU = Debug|Any CPU
		Release|Any CPU = Release|Any CPU
	EndGlobalSection
	GlobalSection(ProjectConfigurationPlatforms) = postSolution
		{3BBDFC57-8D21-47E6-AB23-9DAB56868634}.Debug|Any CPU.ActiveCfg = Debug|Any CPU
		{3BBDFC57-8D21-47E6-AB23-9DAB56868634}.Debug|Any CPU.Build.0 = Debug|Any CPU
		{3BBDFC57-8D21-47E6-AB23-9DAB56868634}.Release|Any CPU.ActiveCfg = Release|Any CPU
		{3BBDFC57-8D21-47E6-AB23-9DAB56868634}.Release|Any CPU.Build.0 = Release|Any CPU
	EndGlobalSection
	GlobalSection(SolutionProperties) = preSolution
		HideSolutionNode = FALSE
	EndGlobalSection
	GlobalSection(ExtensibilityGlobals) = postSolution
		SolutionGuid = {D613F58E-D573-4ECA-AF90-44304430F0FF}
	EndGlobalSection
EndGlobal
