
Microsoft Visual Studio Solution File, Format Version 12.00
# Visual Studio 15
VisualStudioVersion = 15.0.28307.136
MinimumVisualStudioVersion = 10.0.40219.1
Project("{FAE04EC0-301F-11D3-BF4B-00C04F79EFBC}") = "C03PP13_PropertyTax", "C03PP13_PropertyTax\C03PP13_PropertyTax.csproj", "{589D1DB4-BD8A-4705-A15F-102901C5ADE8}"
EndProject
Global
	GlobalSection(SolutionConfigurationPlatforms) = preSolution
		Debug|Any CPU = Debug|Any CPU
		Release|Any CPU = Release|Any CPU
	EndGlobalSection
	GlobalSection(ProjectConfigurationPlatforms) = postSolution
		{589D1DB4-BD8A-4705-A15F-102901C5ADE8}.Debug|Any CPU.ActiveCfg = Debug|Any CPU
		{589D1DB4-BD8A-4705-A15F-102901C5ADE8}.Debug|Any CPU.Build.0 = Debug|Any CPU
		{589D1DB4-BD8A-4705-A15F-102901C5ADE8}.Release|Any CPU.ActiveCfg = Release|Any CPU
		{589D1DB4-BD8A-4705-A15F-102901C5ADE8}.Release|Any CPU.Build.0 = Release|Any CPU
	EndGlobalSection
	GlobalSection(SolutionProperties) = preSolution
		HideSolutionNode = FALSE
	EndGlobalSection
	GlobalSection(ExtensibilityGlobals) = postSolution
		SolutionGuid = {BE9B2A58-9D7B-436F-B196-D17EA3CBC359}
	EndGlobalSection
EndGlobal
