
Microsoft Visual Studio Solution File, Format Version 12.00
# Visual Studio Version 16
VisualStudioVersion = 16.0.29613.14
MinimumVisualStudioVersion = 10.0.40219.1
Project("{FAE04EC0-301F-11D3-BF4B-00C04F79EFBC}") = "C11PP05_HighLowPay", "C11PP05_HighLowPay.csproj", "{9A9D25E6-5C7E-4A53-83E0-7AA4EA66084B}"
EndProject
Global
	GlobalSection(SolutionConfigurationPlatforms) = preSolution
		Debug|Any CPU = Debug|Any CPU
		Release|Any CPU = Release|Any CPU
	EndGlobalSection
	GlobalSection(ProjectConfigurationPlatforms) = postSolution
		{9A9D25E6-5C7E-4A53-83E0-7AA4EA66084B}.Debug|Any CPU.ActiveCfg = Debug|Any CPU
		{9A9D25E6-5C7E-4A53-83E0-7AA4EA66084B}.Debug|Any CPU.Build.0 = Debug|Any CPU
		{9A9D25E6-5C7E-4A53-83E0-7AA4EA66084B}.Release|Any CPU.ActiveCfg = Release|Any CPU
		{9A9D25E6-5C7E-4A53-83E0-7AA4EA66084B}.Release|Any CPU.Build.0 = Release|Any CPU
	EndGlobalSection
	GlobalSection(SolutionProperties) = preSolution
		HideSolutionNode = FALSE
	EndGlobalSection
	GlobalSection(ExtensibilityGlobals) = postSolution
		SolutionGuid = {77C09D90-0868-45A8-BDDB-987FF228D512}
	EndGlobalSection
EndGlobal
