
Microsoft Visual Studio Solution File, Format Version 12.00
# Visual Studio Version 16
VisualStudioVersion = 16.0.29613.14
MinimumVisualStudioVersion = 10.0.40219.1
Project("{FAE04EC0-301F-11D3-BF4B-00C04F79EFBC}") = "C11T01_PhoneBook", "C11T01_PhoneBook.csproj", "{30B8096F-BD57-4C82-83DE-7B193A45E584}"
EndProject
Global
	GlobalSection(SolutionConfigurationPlatforms) = preSolution
		Debug|Any CPU = Debug|Any CPU
		Release|Any CPU = Release|Any CPU
	EndGlobalSection
	GlobalSection(ProjectConfigurationPlatforms) = postSolution
		{30B8096F-BD57-4C82-83DE-7B193A45E584}.Debug|Any CPU.ActiveCfg = Debug|Any CPU
		{30B8096F-BD57-4C82-83DE-7B193A45E584}.Debug|Any CPU.Build.0 = Debug|Any CPU
		{30B8096F-BD57-4C82-83DE-7B193A45E584}.Release|Any CPU.ActiveCfg = Release|Any CPU
		{30B8096F-BD57-4C82-83DE-7B193A45E584}.Release|Any CPU.Build.0 = Release|Any CPU
	EndGlobalSection
	GlobalSection(SolutionProperties) = preSolution
		HideSolutionNode = FALSE
	EndGlobalSection
	GlobalSection(ExtensibilityGlobals) = postSolution
		SolutionGuid = {7B2E061E-61D0-4240-9A3A-17E38E371FC5}
	EndGlobalSection
EndGlobal
