
Microsoft Visual Studio Solution File, Format Version 12.00
# Visual Studio 15
VisualStudioVersion = 15.0.28307.136
MinimumVisualStudioVersion = 10.0.40219.1
Project("{FAE04EC0-301F-11D3-BF4B-00C04F79EFBC}") = "C04PP09_ChangeForADollarGame", "C04PP09_ChangeForADollarGame\C04PP09_ChangeForADollarGame.csproj", "{2793E257-D2B9-4F4D-B3E8-D8034A6F991D}"
EndProject
Global
	GlobalSection(SolutionConfigurationPlatforms) = preSolution
		Debug|Any CPU = Debug|Any CPU
		Release|Any CPU = Release|Any CPU
	EndGlobalSection
	GlobalSection(ProjectConfigurationPlatforms) = postSolution
		{2793E257-D2B9-4F4D-B3E8-D8034A6F991D}.Debug|Any CPU.ActiveCfg = Debug|Any CPU
		{2793E257-D2B9-4F4D-B3E8-D8034A6F991D}.Debug|Any CPU.Build.0 = Debug|Any CPU
		{2793E257-D2B9-4F4D-B3E8-D8034A6F991D}.Release|Any CPU.ActiveCfg = Release|Any CPU
		{2793E257-D2B9-4F4D-B3E8-D8034A6F991D}.Release|Any CPU.Build.0 = Release|Any CPU
	EndGlobalSection
	GlobalSection(SolutionProperties) = preSolution
		HideSolutionNode = FALSE
	EndGlobalSection
	GlobalSection(ExtensibilityGlobals) = postSolution
		SolutionGuid = {6C3EE177-753A-43D5-97AE-D27D08772DF4}
	EndGlobalSection
EndGlobal
