
Microsoft Visual Studio Solution File, Format Version 12.00
# Visual Studio Version 16
VisualStudioVersion = 16.0.29503.13
MinimumVisualStudioVersion = 10.0.40219.1
Project("{FAE04EC0-301F-11D3-BF4B-00C04F79EFBC}") = "C06PP09_PrimeNumberList", "C06PP09_PrimeNumberList.csproj", "{CFB52F20-99C5-4EEF-BE7D-5334B4EBC301}"
EndProject
Global
	GlobalSection(SolutionConfigurationPlatforms) = preSolution
		Debug|Any CPU = Debug|Any CPU
		Release|Any CPU = Release|Any CPU
	EndGlobalSection
	GlobalSection(ProjectConfigurationPlatforms) = postSolution
		{CFB52F20-99C5-4EEF-BE7D-5334B4EBC301}.Debug|Any CPU.ActiveCfg = Debug|Any CPU
		{CFB52F20-99C5-4EEF-BE7D-5334B4EBC301}.Debug|Any CPU.Build.0 = Debug|Any CPU
		{CFB52F20-99C5-4EEF-BE7D-5334B4EBC301}.Release|Any CPU.ActiveCfg = Release|Any CPU
		{CFB52F20-99C5-4EEF-BE7D-5334B4EBC301}.Release|Any CPU.Build.0 = Release|Any CPU
	EndGlobalSection
	GlobalSection(SolutionProperties) = preSolution
		HideSolutionNode = FALSE
	EndGlobalSection
	GlobalSection(ExtensibilityGlobals) = postSolution
		SolutionGuid = {4234E9B0-DB0E-49E3-8B55-93E8D48290E2}
	EndGlobalSection
EndGlobal
