
Microsoft Visual Studio Solution File, Format Version 12.00
# Visual Studio 15
VisualStudioVersion = 15.0.28307.421
MinimumVisualStudioVersion = 10.0.40219.1
Project("{FAE04EC0-301F-11D3-BF4B-00C04F79EFBC}") = "C06PP03_KineticEnergy", "C06PP03_KineticEnergy.csproj", "{F87E5D11-A423-44A3-9A0D-F4FB7F568725}"
EndProject
Global
	GlobalSection(SolutionConfigurationPlatforms) = preSolution
		Debug|Any CPU = Debug|Any CPU
		Release|Any CPU = Release|Any CPU
	EndGlobalSection
	GlobalSection(ProjectConfigurationPlatforms) = postSolution
		{F87E5D11-A423-44A3-9A0D-F4FB7F568725}.Debug|Any CPU.ActiveCfg = Debug|Any CPU
		{F87E5D11-A423-44A3-9A0D-F4FB7F568725}.Debug|Any CPU.Build.0 = Debug|Any CPU
		{F87E5D11-A423-44A3-9A0D-F4FB7F568725}.Release|Any CPU.ActiveCfg = Release|Any CPU
		{F87E5D11-A423-44A3-9A0D-F4FB7F568725}.Release|Any CPU.Build.0 = Release|Any CPU
	EndGlobalSection
	GlobalSection(SolutionProperties) = preSolution
		HideSolutionNode = FALSE
	EndGlobalSection
	GlobalSection(ExtensibilityGlobals) = postSolution
		SolutionGuid = {969C4F99-9346-42BF-9948-5A63BE957118}
	EndGlobalSection
EndGlobal
