
Microsoft Visual Studio Solution File, Format Version 12.00
# Visual Studio 15
VisualStudioVersion = 15.0.28307.136
MinimumVisualStudioVersion = 10.0.40219.1
Project("{FAE04EC0-301F-11D3-BF4B-00C04F79EFBC}") = "C04PP08_BodyMassIndexEnhancement", "C04PP08_BodyMassIndexEnhancement\C04PP08_BodyMassIndexEnhancement.csproj", "{52F24373-1464-4592-A9A7-E51ED29CB24B}"
EndProject
Global
	GlobalSection(SolutionConfigurationPlatforms) = preSolution
		Debug|Any CPU = Debug|Any CPU
		Release|Any CPU = Release|Any CPU
	EndGlobalSection
	GlobalSection(ProjectConfigurationPlatforms) = postSolution
		{52F24373-1464-4592-A9A7-E51ED29CB24B}.Debug|Any CPU.ActiveCfg = Debug|Any CPU
		{52F24373-1464-4592-A9A7-E51ED29CB24B}.Debug|Any CPU.Build.0 = Debug|Any CPU
		{52F24373-1464-4592-A9A7-E51ED29CB24B}.Release|Any CPU.ActiveCfg = Release|Any CPU
		{52F24373-1464-4592-A9A7-E51ED29CB24B}.Release|Any CPU.Build.0 = Release|Any CPU
	EndGlobalSection
	GlobalSection(SolutionProperties) = preSolution
		HideSolutionNode = FALSE
	EndGlobalSection
	GlobalSection(ExtensibilityGlobals) = postSolution
		SolutionGuid = {51A010E6-4831-4596-BDE0-5B07522A8264}
	EndGlobalSection
EndGlobal
