
Microsoft Visual Studio Solution File, Format Version 12.00
# Visual Studio 15
VisualStudioVersion = 15.0.28307.136
MinimumVisualStudioVersion = 10.0.40219.1
Project("{FAE04EC0-301F-11D3-BF4B-00C04F79EFBC}") = "C02PP05_HeadsTails", "C02PP05_HeadsTails\C02PP05_HeadsTails.csproj", "{53AF15B0-3C96-4E75-8C8E-1D135AEDF2FB}"
EndProject
Global
	GlobalSection(SolutionConfigurationPlatforms) = preSolution
		Debug|Any CPU = Debug|Any CPU
		Release|Any CPU = Release|Any CPU
	EndGlobalSection
	GlobalSection(ProjectConfigurationPlatforms) = postSolution
		{53AF15B0-3C96-4E75-8C8E-1D135AEDF2FB}.Debug|Any CPU.ActiveCfg = Debug|Any CPU
		{53AF15B0-3C96-4E75-8C8E-1D135AEDF2FB}.Debug|Any CPU.Build.0 = Debug|Any CPU
		{53AF15B0-3C96-4E75-8C8E-1D135AEDF2FB}.Release|Any CPU.ActiveCfg = Release|Any CPU
		{53AF15B0-3C96-4E75-8C8E-1D135AEDF2FB}.Release|Any CPU.Build.0 = Release|Any CPU
	EndGlobalSection
	GlobalSection(SolutionProperties) = preSolution
		HideSolutionNode = FALSE
	EndGlobalSection
	GlobalSection(ExtensibilityGlobals) = postSolution
		SolutionGuid = {69E9210E-A820-47E7-A033-912A5C32C461}
	EndGlobalSection
EndGlobal
