
Microsoft Visual Studio Solution File, Format Version 12.00
# Visual Studio Version 16
VisualStudioVersion = 16.0.29613.14
MinimumVisualStudioVersion = 10.0.40219.1
Project("{FAE04EC0-301F-11D3-BF4B-00C04F79EFBC}") = "C09PP03_PersonalInfoClass", "C09PP03_PersonalInfoClass.csproj", "{588C451D-FB14-4777-8BA3-AB3347B383AE}"
EndProject
Global
	GlobalSection(SolutionConfigurationPlatforms) = preSolution
		Debug|Any CPU = Debug|Any CPU
		Release|Any CPU = Release|Any CPU
	EndGlobalSection
	GlobalSection(ProjectConfigurationPlatforms) = postSolution
		{588C451D-FB14-4777-8BA3-AB3347B383AE}.Debug|Any CPU.ActiveCfg = Debug|Any CPU
		{588C451D-FB14-4777-8BA3-AB3347B383AE}.Debug|Any CPU.Build.0 = Debug|Any CPU
		{588C451D-FB14-4777-8BA3-AB3347B383AE}.Release|Any CPU.ActiveCfg = Release|Any CPU
		{588C451D-FB14-4777-8BA3-AB3347B383AE}.Release|Any CPU.Build.0 = Release|Any CPU
	EndGlobalSection
	GlobalSection(SolutionProperties) = preSolution
		HideSolutionNode = FALSE
	EndGlobalSection
	GlobalSection(ExtensibilityGlobals) = postSolution
		SolutionGuid = {02584EAF-8F96-4B75-8BC1-F2B65D2ACAE9}
	EndGlobalSection
EndGlobal
