
Microsoft Visual Studio Solution File, Format Version 12.00
# Visual Studio Version 16
VisualStudioVersion = 16.0.29613.14
MinimumVisualStudioVersion = 10.0.40219.1
Project("{FAE04EC0-301F-11D3-BF4B-00C04F79EFBC}") = "C08PP12_SlotMachine", "C08PP12_SlotMachine.csproj", "{59E98E97-3641-4A73-9B36-69B7F995B7CF}"
EndProject
Global
	GlobalSection(SolutionConfigurationPlatforms) = preSolution
		Debug|Any CPU = Debug|Any CPU
		Release|Any CPU = Release|Any CPU
	EndGlobalSection
	GlobalSection(ProjectConfigurationPlatforms) = postSolution
		{59E98E97-3641-4A73-9B36-69B7F995B7CF}.Debug|Any CPU.ActiveCfg = Debug|Any CPU
		{59E98E97-3641-4A73-9B36-69B7F995B7CF}.Debug|Any CPU.Build.0 = Debug|Any CPU
		{59E98E97-3641-4A73-9B36-69B7F995B7CF}.Release|Any CPU.ActiveCfg = Release|Any CPU
		{59E98E97-3641-4A73-9B36-69B7F995B7CF}.Release|Any CPU.Build.0 = Release|Any CPU
	EndGlobalSection
	GlobalSection(SolutionProperties) = preSolution
		HideSolutionNode = FALSE
	EndGlobalSection
	GlobalSection(ExtensibilityGlobals) = postSolution
		SolutionGuid = {08A77BD1-F8DA-464C-AB8A-37A3B26A7259}
	EndGlobalSection
EndGlobal
