
Microsoft Visual Studio Solution File, Format Version 12.00
# Visual Studio 15
VisualStudioVersion = 15.0.28307.136
MinimumVisualStudioVersion = 10.0.40219.1
Project("{FAE04EC0-301F-11D3-BF4B-00C04F79EFBC}") = "C02P03_Flags", "C02P03_Flags\C02P03_Flags.csproj", "{40130E79-DA05-445E-B6C2-8205584F673E}"
EndProject
Global
	GlobalSection(SolutionConfigurationPlatforms) = preSolution
		Debug|Any CPU = Debug|Any CPU
		Release|Any CPU = Release|Any CPU
	EndGlobalSection
	GlobalSection(ProjectConfigurationPlatforms) = postSolution
		{40130E79-DA05-445E-B6C2-8205584F673E}.Debug|Any CPU.ActiveCfg = Debug|Any CPU
		{40130E79-DA05-445E-B6C2-8205584F673E}.Debug|Any CPU.Build.0 = Debug|Any CPU
		{40130E79-DA05-445E-B6C2-8205584F673E}.Release|Any CPU.ActiveCfg = Release|Any CPU
		{40130E79-DA05-445E-B6C2-8205584F673E}.Release|Any CPU.Build.0 = Release|Any CPU
	EndGlobalSection
	GlobalSection(SolutionProperties) = preSolution
		HideSolutionNode = FALSE
	EndGlobalSection
	GlobalSection(ExtensibilityGlobals) = postSolution
		SolutionGuid = {A75C799F-B4AE-446D-B15C-CF433577229E}
	EndGlobalSection
EndGlobal
